
Microsoft Visual Studio Solution File, Format Version 12.00
# Visual Studio 15
VisualStudioVersion = 15.0.28307.271
MinimumVisualStudioVersion = 10.0.40219.1
Project("{FAE04EC0-301F-11D3-BF4B-00C04F79EFBC}") = "WebUsuario", "WebUsuario\WebUsuario.csproj", "{448E2870-C8DC-4764-ACE3-B461A9ED9563}"
EndProject
Project("{FAE04EC0-301F-11D3-BF4B-00C04F79EFBC}") = "BLL", "BLL\BLL.csproj", "{20576647-0361-4460-B129-BB1B0C6507AD}"
EndProject
Project("{FAE04EC0-301F-11D3-BF4B-00C04F79EFBC}") = "DAL", "DAL\DAL.csproj", "{D06B6BE6-83A9-494C-A37B-369FC85F5581}"
EndProject
Project("{FAE04EC0-301F-11D3-BF4B-00C04F79EFBC}") = "Entidades", "Entidades\Entidades.csproj", "{63ACAEBC-9A29-4AEC-8DD1-63C964D106F8}"
EndProject
Global
	GlobalSection(SolutionConfigurationPlatforms) = preSolution
		Debug|Any CPU = Debug|Any CPU
		Release|Any CPU = Release|Any CPU
	EndGlobalSection
	GlobalSection(ProjectConfigurationPlatforms) = postSolution
		{448E2870-C8DC-4764-ACE3-B461A9ED9563}.Debug|Any CPU.ActiveCfg = Debug|Any CPU
		{448E2870-C8DC-4764-ACE3-B461A9ED9563}.Debug|Any CPU.Build.0 = Debug|Any CPU
		{448E2870-C8DC-4764-ACE3-B461A9ED9563}.Release|Any CPU.ActiveCfg = Release|Any CPU
		{448E2870-C8DC-4764-ACE3-B461A9ED9563}.Release|Any CPU.Build.0 = Release|Any CPU
		{20576647-0361-4460-B129-BB1B0C6507AD}.Debug|Any CPU.ActiveCfg = Debug|Any CPU
		{20576647-0361-4460-B129-BB1B0C6507AD}.Debug|Any CPU.Build.0 = Debug|Any CPU
		{20576647-0361-4460-B129-BB1B0C6507AD}.Release|Any CPU.ActiveCfg = Release|Any CPU
		{20576647-0361-4460-B129-BB1B0C6507AD}.Release|Any CPU.Build.0 = Release|Any CPU
		{D06B6BE6-83A9-494C-A37B-369FC85F5581}.Debug|Any CPU.ActiveCfg = Debug|Any CPU
		{D06B6BE6-83A9-494C-A37B-369FC85F5581}.Debug|Any CPU.Build.0 = Debug|Any CPU
		{D06B6BE6-83A9-494C-A37B-369FC85F5581}.Release|Any CPU.ActiveCfg = Release|Any CPU
		{D06B6BE6-83A9-494C-A37B-369FC85F5581}.Release|Any CPU.Build.0 = Release|Any CPU
		{63ACAEBC-9A29-4AEC-8DD1-63C964D106F8}.Debug|Any CPU.ActiveCfg = Debug|Any CPU
		{63ACAEBC-9A29-4AEC-8DD1-63C964D106F8}.Debug|Any CPU.Build.0 = Debug|Any CPU
		{63ACAEBC-9A29-4AEC-8DD1-63C964D106F8}.Release|Any CPU.ActiveCfg = Release|Any CPU
		{63ACAEBC-9A29-4AEC-8DD1-63C964D106F8}.Release|Any CPU.Build.0 = Release|Any CPU
	EndGlobalSection
	GlobalSection(SolutionProperties) = preSolution
		HideSolutionNode = FALSE
	EndGlobalSection
	GlobalSection(ExtensibilityGlobals) = postSolution
		SolutionGuid = {E81EC819-BB6F-47D6-B684-DD52B4AB3353}
	EndGlobalSection
EndGlobal
